
Microsoft Visual Studio Solution File, Format Version 12.00
# Visual Studio 14
VisualStudioVersion = 14.0.23107.0
MinimumVisualStudioVersion = 10.0.40219.1
Project("{FAE04EC0-301F-11D3-BF4B-00C04F79EFBC}") = "TISS", "TISS\TISS.csproj", "{C1BEFBF4-2320-466E-B6E1-4EF16D6D30D6}"
EndProject
Global
	GlobalSection(SolutionConfigurationPlatforms) = preSolution
		Debug|Any CPU = Debug|Any CPU
		Release|Any CPU = Release|Any CPU
	EndGlobalSection
	GlobalSection(ProjectConfigurationPlatforms) = postSolution
		{C1BEFBF4-2320-466E-B6E1-4EF16D6D30D6}.Debug|Any CPU.ActiveCfg = Debug|Any CPU
		{C1BEFBF4-2320-466E-B6E1-4EF16D6D30D6}.Debug|Any CPU.Build.0 = Debug|Any CPU
		{C1BEFBF4-2320-466E-B6E1-4EF16D6D30D6}.Release|Any CPU.ActiveCfg = Release|Any CPU
		{C1BEFBF4-2320-466E-B6E1-4EF16D6D30D6}.Release|Any CPU.Build.0 = Release|Any CPU
	EndGlobalSection
	GlobalSection(SolutionProperties) = preSolution
		HideSolutionNode = FALSE
	EndGlobalSection
EndGlobal
